
Microsoft Visual Studio Solution File, Format Version 12.00
# Visual Studio Version 17
VisualStudioVersion = 17.10.35027.167
MinimumVisualStudioVersion = 10.0.40219.1
Project("{FAE04EC0-301F-11D3-BF4B-00C04F79EFBC}") = "ControleDeContatos", "ControleDeContatos\ControleDeContatos.csproj", "{8E1EBF30-1C23-4339-A91C-E935D05E1419}"
EndProject
Global
	GlobalSection(SolutionConfigurationPlatforms) = preSolution
		Debug|Any CPU = Debug|Any CPU
		Release|Any CPU = Release|Any CPU
	EndGlobalSection
	GlobalSection(ProjectConfigurationPlatforms) = postSolution
		{8E1EBF30-1C23-4339-A91C-E935D05E1419}.Debug|Any CPU.ActiveCfg = Debug|Any CPU
		{8E1EBF30-1C23-4339-A91C-E935D05E1419}.Debug|Any CPU.Build.0 = Debug|Any CPU
		{8E1EBF30-1C23-4339-A91C-E935D05E1419}.Release|Any CPU.ActiveCfg = Release|Any CPU
		{8E1EBF30-1C23-4339-A91C-E935D05E1419}.Release|Any CPU.Build.0 = Release|Any CPU
	EndGlobalSection
	GlobalSection(SolutionProperties) = preSolution
		HideSolutionNode = FALSE
	EndGlobalSection
	GlobalSection(ExtensibilityGlobals) = postSolution
		SolutionGuid = {BE6E45BC-674E-4AB8-9C6D-1D9376CF8DB7}
	EndGlobalSection
EndGlobal
